
Microsoft Visual Studio Solution File, Format Version 12.00
# Visual Studio Version 17
VisualStudioVersion = 17.3.32922.545
MinimumVisualStudioVersion = 10.0.40219.1
Project("{FAE04EC0-301F-11D3-BF4B-00C04F79EFBC}") = "ShoppingOnline", "ShoppingOnline\ShoppingOnline.csproj", "{75B48EE2-0953-4E74-A4E8-5D97BECC5E32}"
EndProject
Project("{FAE04EC0-301F-11D3-BF4B-00C04F79EFBC}") = "Model", "Model\Model.csproj", "{AB97D7FE-4CE1-4A09-85EB-0A0F8D222507}"
EndProject
Global
	GlobalSection(SolutionConfigurationPlatforms) = preSolution
		Debug|Any CPU = Debug|Any CPU
		Release|Any CPU = Release|Any CPU
	EndGlobalSection
	GlobalSection(ProjectConfigurationPlatforms) = postSolution
		{75B48EE2-0953-4E74-A4E8-5D97BECC5E32}.Debug|Any CPU.ActiveCfg = Debug|Any CPU
		{75B48EE2-0953-4E74-A4E8-5D97BECC5E32}.Debug|Any CPU.Build.0 = Debug|Any CPU
		{75B48EE2-0953-4E74-A4E8-5D97BECC5E32}.Release|Any CPU.ActiveCfg = Release|Any CPU
		{75B48EE2-0953-4E74-A4E8-5D97BECC5E32}.Release|Any CPU.Build.0 = Release|Any CPU
		{AB97D7FE-4CE1-4A09-85EB-0A0F8D222507}.Debug|Any CPU.ActiveCfg = Debug|Any CPU
		{AB97D7FE-4CE1-4A09-85EB-0A0F8D222507}.Debug|Any CPU.Build.0 = Debug|Any CPU
		{AB97D7FE-4CE1-4A09-85EB-0A0F8D222507}.Release|Any CPU.ActiveCfg = Release|Any CPU
		{AB97D7FE-4CE1-4A09-85EB-0A0F8D222507}.Release|Any CPU.Build.0 = Release|Any CPU
	EndGlobalSection
	GlobalSection(SolutionProperties) = preSolution
		HideSolutionNode = FALSE
	EndGlobalSection
	GlobalSection(ExtensibilityGlobals) = postSolution
		SolutionGuid = {BF3AC07D-D954-4722-A691-D2B7C1D36B9C}
	EndGlobalSection
EndGlobal
